
Microsoft Visual Studio Solution File, Format Version 12.00
Project("{F2A71F9B-5D33-465A-A702-920D77279786}") = "hw6", "hw6\hw6.fsproj", "{29EF65F6-978D-4AF6-83BC-309821F13433}"
EndProject
Project("{F2A71F9B-5D33-465A-A702-920D77279786}") = "hw6Tests", "hw6Tests\hw6Tests.fsproj", "{5D29C0BE-6973-4960-B569-1064C1026A43}"
EndProject
Global
	GlobalSection(SolutionConfigurationPlatforms) = preSolution
		Debug|Any CPU = Debug|Any CPU
		Release|Any CPU = Release|Any CPU
	EndGlobalSection
	GlobalSection(ProjectConfigurationPlatforms) = postSolution
		{29EF65F6-978D-4AF6-83BC-309821F13433}.Debug|Any CPU.ActiveCfg = Debug|Any CPU
		{29EF65F6-978D-4AF6-83BC-309821F13433}.Debug|Any CPU.Build.0 = Debug|Any CPU
		{29EF65F6-978D-4AF6-83BC-309821F13433}.Release|Any CPU.ActiveCfg = Release|Any CPU
		{29EF65F6-978D-4AF6-83BC-309821F13433}.Release|Any CPU.Build.0 = Release|Any CPU
		{5D29C0BE-6973-4960-B569-1064C1026A43}.Debug|Any CPU.ActiveCfg = Debug|Any CPU
		{5D29C0BE-6973-4960-B569-1064C1026A43}.Debug|Any CPU.Build.0 = Debug|Any CPU
		{5D29C0BE-6973-4960-B569-1064C1026A43}.Release|Any CPU.ActiveCfg = Release|Any CPU
		{5D29C0BE-6973-4960-B569-1064C1026A43}.Release|Any CPU.Build.0 = Release|Any CPU
	EndGlobalSection
EndGlobal
